
Microsoft Visual Studio Solution File, Format Version 12.00
# Visual Studio Version 17
VisualStudioVersion = 17.13.35931.197 d17.13
MinimumVisualStudioVersion = 10.0.40219.1
Project("{FAE04EC0-301F-11D3-BF4B-00C04F79EFBC}") = "Mercurify", "Mercurify.csproj", "{04196DE3-16D6-480D-A063-210A8A93BCC6}"
EndProject
Global
	GlobalSection(SolutionConfigurationPlatforms) = preSolution
		Debug|Any CPU = Debug|Any CPU
		Release|Any CPU = Release|Any CPU
	EndGlobalSection
	GlobalSection(ProjectConfigurationPlatforms) = postSolution
		{04196DE3-16D6-480D-A063-210A8A93BCC6}.Debug|Any CPU.ActiveCfg = Debug|Any CPU
		{04196DE3-16D6-480D-A063-210A8A93BCC6}.Debug|Any CPU.Build.0 = Debug|Any CPU
		{04196DE3-16D6-480D-A063-210A8A93BCC6}.Release|Any CPU.ActiveCfg = Release|Any CPU
		{04196DE3-16D6-480D-A063-210A8A93BCC6}.Release|Any CPU.Build.0 = Release|Any CPU
	EndGlobalSection
	GlobalSection(SolutionProperties) = preSolution
		HideSolutionNode = FALSE
	EndGlobalSection
	GlobalSection(ExtensibilityGlobals) = postSolution
		SolutionGuid = {107677FC-272D-4F7E-B574-4A2D84FA7FF5}
	EndGlobalSection
EndGlobal
